
Microsoft Visual Studio Solution File, Format Version 12.00
# Visual Studio Version 17
VisualStudioVersion = 17.0.31611.283
MinimumVisualStudioVersion = 10.0.40219.1
Project("{9A19103F-16F7-4668-BE54-9A1E7A4F7556}") = "LyricBook", "LyricBook\LyricBook.csproj", "{3FB9C666-156A-4D7F-A2F9-1C3F48031966}"
EndProject
Project("{FAE04EC0-301F-11D3-BF4B-00C04F79EFBC}") = "LyricBook.Core", "LyricBook.Core\LyricBook.Core.csproj", "{6313C9AB-F7F2-41CB-898D-A35C8AD2034E}"
EndProject
Global
	GlobalSection(SolutionConfigurationPlatforms) = preSolution
		Debug|Any CPU = Debug|Any CPU
		Release|Any CPU = Release|Any CPU
	EndGlobalSection
	GlobalSection(ProjectConfigurationPlatforms) = postSolution
		{3FB9C666-156A-4D7F-A2F9-1C3F48031966}.Debug|Any CPU.ActiveCfg = Debug|Any CPU
		{3FB9C666-156A-4D7F-A2F9-1C3F48031966}.Debug|Any CPU.Build.0 = Debug|Any CPU
		{3FB9C666-156A-4D7F-A2F9-1C3F48031966}.Debug|Any CPU.Deploy.0 = Debug|Any CPU
		{3FB9C666-156A-4D7F-A2F9-1C3F48031966}.Release|Any CPU.ActiveCfg = Release|Any CPU
		{3FB9C666-156A-4D7F-A2F9-1C3F48031966}.Release|Any CPU.Build.0 = Release|Any CPU
		{3FB9C666-156A-4D7F-A2F9-1C3F48031966}.Release|Any CPU.Deploy.0 = Release|Any CPU
		{6313C9AB-F7F2-41CB-898D-A35C8AD2034E}.Debug|Any CPU.ActiveCfg = Debug|Any CPU
		{6313C9AB-F7F2-41CB-898D-A35C8AD2034E}.Debug|Any CPU.Build.0 = Debug|Any CPU
		{6313C9AB-F7F2-41CB-898D-A35C8AD2034E}.Release|Any CPU.ActiveCfg = Release|Any CPU
		{6313C9AB-F7F2-41CB-898D-A35C8AD2034E}.Release|Any CPU.Build.0 = Release|Any CPU
	EndGlobalSection
	GlobalSection(SolutionProperties) = preSolution
		HideSolutionNode = FALSE
	EndGlobalSection
	GlobalSection(ExtensibilityGlobals) = postSolution
		SolutionGuid = {61F7FB11-1E47-470C-91E2-47F8143E1572}
	EndGlobalSection
EndGlobal
